
Microsoft Visual Studio Solution File, Format Version 12.00
# Visual Studio 15
VisualStudioVersion = 15.0.28307.102
MinimumVisualStudioVersion = 10.0.40219.1
Project("{2150E333-8FDC-42A3-9474-1A3956D46DE8}") = "DataFramework", "DataFramework", "{E955163C-62A7-4A07-8F06-73ED2FCE6CBB}"
EndProject
Project("{2150E333-8FDC-42A3-9474-1A3956D46DE8}") = "Common", "Common", "{CF17AF14-C58D-44D9-89A0-D15B14AC1F1D}"
EndProject
Project("{FAE04EC0-301F-11D3-BF4B-00C04F79EFBC}") = "PUCIT.AIMRL.SFP.DAL", "DataFramework\PUCIT.AIMRL.SFP.DAL\PUCIT.AIMRL.SFP.DAL.csproj", "{077316F1-74BD-4E30-B93E-5B0079ADEA29}"
EndProject
Project("{FAE04EC0-301F-11D3-BF4B-00C04F79EFBC}") = "PUCIT.AIMRL.SFP.Entities", "DataFramework\PUCIT.AIMRL.SFP.Entities\PUCIT.AIMRL.SFP.Entities.csproj", "{1263615F-7040-416F-96A3-631E2898DAE7}"
EndProject
Project("{FAE04EC0-301F-11D3-BF4B-00C04F79EFBC}") = "PUCIT.AIMRL.Common", "Common\PUCIT.AIMRL.Common\PUCIT.AIMRL.Common.csproj", "{70F7021A-A698-4489-A279-822D0EFCBDCB}"
EndProject
Project("{FAE04EC0-301F-11D3-BF4B-00C04F79EFBC}") = "PUCIT.AIMRL.SFP.UI.Common", "Common\PUCIT.AIMRL.SFP.UI.Common\PUCIT.AIMRL.SFP.UI.Common.csproj", "{A46498AE-503C-4E55-8403-2160556B688B}"
EndProject
Project("{FAE04EC0-301F-11D3-BF4B-00C04F79EFBC}") = "PUCIT.AIMRL.Common.Logger", "Common\PUCIT.AIMRL.Common.Logger\PUCIT.AIMRL.Common.Logger.csproj", "{8C5205F7-65EE-43C7-A99A-9D09C70FB080}"
EndProject
Project("{2150E333-8FDC-42A3-9474-1A3956D46DE8}") = "DB Scripts", "DB Scripts", "{2C0DD0A3-5FE2-4E07-9E39-CB4761282822}"
	ProjectSection(SolutionItems) = preProject
		DB Scripts\DB_Script.txt = DB Scripts\DB_Script.txt
	EndProjectSection
EndProject
Project("{FAE04EC0-301F-11D3-BF4B-00C04F79EFBC}") = "SFP API", "SFP API\SFP API.csproj", "{F38C21FA-B889-4EB6-88B9-7469FABD983C}"
EndProject
Global
	GlobalSection(SolutionConfigurationPlatforms) = preSolution
		Debug|Any CPU = Debug|Any CPU
		QA|Any CPU = QA|Any CPU
		QAServer|Any CPU = QAServer|Any CPU
		Release|Any CPU = Release|Any CPU
		UAT|Any CPU = UAT|Any CPU
	EndGlobalSection
	GlobalSection(ProjectConfigurationPlatforms) = postSolution
		{077316F1-74BD-4E30-B93E-5B0079ADEA29}.Debug|Any CPU.ActiveCfg = Debug|Any CPU
		{077316F1-74BD-4E30-B93E-5B0079ADEA29}.Debug|Any CPU.Build.0 = Debug|Any CPU
		{077316F1-74BD-4E30-B93E-5B0079ADEA29}.QA|Any CPU.ActiveCfg = Release|Any CPU
		{077316F1-74BD-4E30-B93E-5B0079ADEA29}.QA|Any CPU.Build.0 = Release|Any CPU
		{077316F1-74BD-4E30-B93E-5B0079ADEA29}.QAServer|Any CPU.ActiveCfg = Release|Any CPU
		{077316F1-74BD-4E30-B93E-5B0079ADEA29}.QAServer|Any CPU.Build.0 = Release|Any CPU
		{077316F1-74BD-4E30-B93E-5B0079ADEA29}.Release|Any CPU.ActiveCfg = Release|Any CPU
		{077316F1-74BD-4E30-B93E-5B0079ADEA29}.Release|Any CPU.Build.0 = Release|Any CPU
		{077316F1-74BD-4E30-B93E-5B0079ADEA29}.UAT|Any CPU.ActiveCfg = Release|Any CPU
		{077316F1-74BD-4E30-B93E-5B0079ADEA29}.UAT|Any CPU.Build.0 = Release|Any CPU
		{1263615F-7040-416F-96A3-631E2898DAE7}.Debug|Any CPU.ActiveCfg = Debug|Any CPU
		{1263615F-7040-416F-96A3-631E2898DAE7}.Debug|Any CPU.Build.0 = Debug|Any CPU
		{1263615F-7040-416F-96A3-631E2898DAE7}.QA|Any CPU.ActiveCfg = Release|Any CPU
		{1263615F-7040-416F-96A3-631E2898DAE7}.QA|Any CPU.Build.0 = Release|Any CPU
		{1263615F-7040-416F-96A3-631E2898DAE7}.QAServer|Any CPU.ActiveCfg = Release|Any CPU
		{1263615F-7040-416F-96A3-631E2898DAE7}.QAServer|Any CPU.Build.0 = Release|Any CPU
		{1263615F-7040-416F-96A3-631E2898DAE7}.Release|Any CPU.ActiveCfg = Release|Any CPU
		{1263615F-7040-416F-96A3-631E2898DAE7}.Release|Any CPU.Build.0 = Release|Any CPU
		{1263615F-7040-416F-96A3-631E2898DAE7}.UAT|Any CPU.ActiveCfg = Release|Any CPU
		{1263615F-7040-416F-96A3-631E2898DAE7}.UAT|Any CPU.Build.0 = Release|Any CPU
		{70F7021A-A698-4489-A279-822D0EFCBDCB}.Debug|Any CPU.ActiveCfg = Debug|Any CPU
		{70F7021A-A698-4489-A279-822D0EFCBDCB}.Debug|Any CPU.Build.0 = Debug|Any CPU
		{70F7021A-A698-4489-A279-822D0EFCBDCB}.QA|Any CPU.ActiveCfg = Release|Any CPU
		{70F7021A-A698-4489-A279-822D0EFCBDCB}.QA|Any CPU.Build.0 = Release|Any CPU
		{70F7021A-A698-4489-A279-822D0EFCBDCB}.QAServer|Any CPU.ActiveCfg = Release|Any CPU
		{70F7021A-A698-4489-A279-822D0EFCBDCB}.QAServer|Any CPU.Build.0 = Release|Any CPU
		{70F7021A-A698-4489-A279-822D0EFCBDCB}.Release|Any CPU.ActiveCfg = Release|Any CPU
		{70F7021A-A698-4489-A279-822D0EFCBDCB}.Release|Any CPU.Build.0 = Release|Any CPU
		{70F7021A-A698-4489-A279-822D0EFCBDCB}.UAT|Any CPU.ActiveCfg = Release|Any CPU
		{70F7021A-A698-4489-A279-822D0EFCBDCB}.UAT|Any CPU.Build.0 = Release|Any CPU
		{A46498AE-503C-4E55-8403-2160556B688B}.Debug|Any CPU.ActiveCfg = Debug|Any CPU
		{A46498AE-503C-4E55-8403-2160556B688B}.Debug|Any CPU.Build.0 = Debug|Any CPU
		{A46498AE-503C-4E55-8403-2160556B688B}.QA|Any CPU.ActiveCfg = Release|Any CPU
		{A46498AE-503C-4E55-8403-2160556B688B}.QA|Any CPU.Build.0 = Release|Any CPU
		{A46498AE-503C-4E55-8403-2160556B688B}.QAServer|Any CPU.ActiveCfg = Release|Any CPU
		{A46498AE-503C-4E55-8403-2160556B688B}.QAServer|Any CPU.Build.0 = Release|Any CPU
		{A46498AE-503C-4E55-8403-2160556B688B}.Release|Any CPU.ActiveCfg = Release|Any CPU
		{A46498AE-503C-4E55-8403-2160556B688B}.Release|Any CPU.Build.0 = Release|Any CPU
		{A46498AE-503C-4E55-8403-2160556B688B}.UAT|Any CPU.ActiveCfg = Release|Any CPU
		{A46498AE-503C-4E55-8403-2160556B688B}.UAT|Any CPU.Build.0 = Release|Any CPU
		{8C5205F7-65EE-43C7-A99A-9D09C70FB080}.Debug|Any CPU.ActiveCfg = Debug|Any CPU
		{8C5205F7-65EE-43C7-A99A-9D09C70FB080}.Debug|Any CPU.Build.0 = Debug|Any CPU
		{8C5205F7-65EE-43C7-A99A-9D09C70FB080}.QA|Any CPU.ActiveCfg = QA|Any CPU
		{8C5205F7-65EE-43C7-A99A-9D09C70FB080}.QA|Any CPU.Build.0 = QA|Any CPU
		{8C5205F7-65EE-43C7-A99A-9D09C70FB080}.QAServer|Any CPU.ActiveCfg = QA|Any CPU
		{8C5205F7-65EE-43C7-A99A-9D09C70FB080}.QAServer|Any CPU.Build.0 = QA|Any CPU
		{8C5205F7-65EE-43C7-A99A-9D09C70FB080}.Release|Any CPU.ActiveCfg = Release|Any CPU
		{8C5205F7-65EE-43C7-A99A-9D09C70FB080}.Release|Any CPU.Build.0 = Release|Any CPU
		{8C5205F7-65EE-43C7-A99A-9D09C70FB080}.UAT|Any CPU.ActiveCfg = UAT|Any CPU
		{8C5205F7-65EE-43C7-A99A-9D09C70FB080}.UAT|Any CPU.Build.0 = UAT|Any CPU
		{F38C21FA-B889-4EB6-88B9-7469FABD983C}.Debug|Any CPU.ActiveCfg = Debug|Any CPU
		{F38C21FA-B889-4EB6-88B9-7469FABD983C}.Debug|Any CPU.Build.0 = Debug|Any CPU
		{F38C21FA-B889-4EB6-88B9-7469FABD983C}.QA|Any CPU.ActiveCfg = Release|Any CPU
		{F38C21FA-B889-4EB6-88B9-7469FABD983C}.QA|Any CPU.Build.0 = Release|Any CPU
		{F38C21FA-B889-4EB6-88B9-7469FABD983C}.QAServer|Any CPU.ActiveCfg = Release|Any CPU
		{F38C21FA-B889-4EB6-88B9-7469FABD983C}.QAServer|Any CPU.Build.0 = Release|Any CPU
		{F38C21FA-B889-4EB6-88B9-7469FABD983C}.Release|Any CPU.ActiveCfg = Release|Any CPU
		{F38C21FA-B889-4EB6-88B9-7469FABD983C}.Release|Any CPU.Build.0 = Release|Any CPU
		{F38C21FA-B889-4EB6-88B9-7469FABD983C}.UAT|Any CPU.ActiveCfg = Release|Any CPU
		{F38C21FA-B889-4EB6-88B9-7469FABD983C}.UAT|Any CPU.Build.0 = Release|Any CPU
	EndGlobalSection
	GlobalSection(SolutionProperties) = preSolution
		HideSolutionNode = FALSE
	EndGlobalSection
	GlobalSection(NestedProjects) = preSolution
		{077316F1-74BD-4E30-B93E-5B0079ADEA29} = {E955163C-62A7-4A07-8F06-73ED2FCE6CBB}
		{1263615F-7040-416F-96A3-631E2898DAE7} = {E955163C-62A7-4A07-8F06-73ED2FCE6CBB}
		{70F7021A-A698-4489-A279-822D0EFCBDCB} = {CF17AF14-C58D-44D9-89A0-D15B14AC1F1D}
		{A46498AE-503C-4E55-8403-2160556B688B} = {CF17AF14-C58D-44D9-89A0-D15B14AC1F1D}
		{8C5205F7-65EE-43C7-A99A-9D09C70FB080} = {CF17AF14-C58D-44D9-89A0-D15B14AC1F1D}
	EndGlobalSection
	GlobalSection(ExtensibilityGlobals) = postSolution
		SolutionGuid = {71A7BA94-3A74-466D-B00D-DAD3ABBBC52F}
	EndGlobalSection
EndGlobal
